// !$*UTF8*$!
{
	archiveVersion = 1;
	classes = {
	};
	objectVersion = 46;
	objects = {

/* Begin PBXBuildFile section */
		442672781B43832000F818D6 /* AppDelegate.swift in Sources */ = {isa = PBXBuildFile; fileRef = 442672771B43832000F818D6 /* AppDelegate.swift */; };
		4426727B1B43832000F818D6 /* BarHopper.xcdatamodeld in Sources */ = {isa = PBXBuildFile; fileRef = 442672791B43832000F818D6 /* BarHopper.xcdatamodeld */; };
		4426727D1B43832000F818D6 /* ViewController.swift in Sources */ = {isa = PBXBuildFile; fileRef = 4426727C1B43832000F818D6 /* ViewController.swift */; };
		442672801B43832000F818D6 /* Main.storyboard in Resources */ = {isa = PBXBuildFile; fileRef = 4426727E1B43832000F818D6 /* Main.storyboard */; };
		442672821B43832000F818D6 /* Images.xcassets in Resources */ = {isa = PBXBuildFile; fileRef = 442672811B43832000F818D6 /* Images.xcassets */; };
		442672851B43832000F818D6 /* LaunchScreen.xib in Resources */ = {isa = PBXBuildFile; fileRef = 442672831B43832000F818D6 /* LaunchScreen.xib */; };
		442672911B43832000F818D6 /* BarHopperTests.swift in Sources */ = {isa = PBXBuildFile; fileRef = 442672901B43832000F818D6 /* BarHopperTests.swift */; };
/* End PBXBuildFile section */

/* Begin PBXContainerItemProxy section */
		4426728B1B43832000F818D6 /* PBXContainerItemProxy */ = {
			isa = PBXContainerItemProxy;
			containerPortal = 4426726A1B43832000F818D6 /* Project object */;
			proxyType = 1;
			remoteGlobalIDString = 442672711B43832000F818D6;
			remoteInfo = BarHopper;
		};
/* End PBXContainerItemProxy section */

/* Begin PBXFileReference section */
		442672721B43832000F818D6 /* BarHopper.app */ = {isa = PBXFileReference; explicitFileType = wrapper.application; includeInIndex = 0; path = BarHopper.app; sourceTree = BUILT_PRODUCTS_DIR; };
		442672761B43832000F818D6 /* Info.plist */ = {isa = PBXFileReference; lastKnownFileType = text.plist.xml; path = Info.plist; sourceTree = "<group>"; };
		442672771B43832000F818D6 /* AppDelegate.swift */ = {isa = PBXFileReference; lastKnownFileType = sourcecode.swift; path = AppDelegate.swift; sourceTree = "<group>"; };
		4426727A1B43832000F818D6 /* BarHopper.xcdatamodel */ = {isa = PBXFileReference; lastKnownFileType = wrapper.xcdatamodel; path = BarHopper.xcdatamodel; sourceTree = "<group>"; };
		4426727C1B43832000F818D6 /* ViewController.swift */ = {isa = PBXFileReference; lastKnownFileType = sourcecode.swift; path = ViewController.swift; sourceTree = "<group>"; };
		4426727F1B43832000F818D6 /* Base */ = {isa = PBXFileReference; lastKnownFileType = file.storyboard; name = Base; path = Base.lproj/Main.storyboard; sourceTree = "<group>"; };
		442672811B43832000F818D6 /* Images.xcassets */ = {isa = PBXFileReference; lastKnownFileType = folder.assetcatalog; path = Images.xcassets; sourceTree = "<group>"; };
		442672841B43832000F818D6 /* Base */ = {isa = PBXFileReference; lastKnownFileType = file.xib; name = Base; path = Base.lproj/LaunchScreen.xib; sourceTree = "<group>"; };
		4426728A1B43832000F818D6 /* BarHopperTests.xctest */ = {isa = PBXFileReference; explicitFileType = wrapper.cfbundle; includeInIndex = 0; path = BarHopperTests.xctest; sourceTree = BUILT_PRODUCTS_DIR; };
		4426728F1B43832000F818D6 /* Info.plist */ = {isa = PBXFileReference; lastKnownFileType = text.plist.xml; path = Info.plist; sourceTree = "<group>"; };
		442672901B43832000F818D6 /* BarHopperTests.swift */ = {isa = PBXFileReference; lastKnownFileType = sourcecode.swift; path = BarHopperTests.swift; sourceTree = "<group>"; };
/* End PBXFileReference section */

/* Begin PBXFrameworksBuildPhase section */
		4426726F1B43832000F818D6 /* Frameworks */ = {
			isa = PBXFrameworksBuildPhase;
			buildActionMask = 2147483647;
			files = (
			);
			runOnlyForDeploymentPostprocessing = 0;
		};
		442672871B43832000F818D6 /* Frameworks */ = {
			isa = PBXFrameworksBuildPhase;
			buildActionMask = 2147483647;
			files = (
			);
			runOnlyForDeploymentPostprocessing = 0;
		};
/* End PBXFrameworksBuildPhase section */

/* Begin PBXGroup section */
		442672691B43832000F818D6 = {
			isa = PBXGroup;
			children = (
				442672741B43832000F818D6 /* BarHopper */,
				4426728D1B43832000F818D6 /* BarHopperTests */,
				442672731B43832000F818D6 /* Products */,
			);
			sourceTree = "<group>";
		};
		442672731B43832000F818D6 /* Products */ = {
			isa = PBXGroup;
			children = (
				442672721B43832000F818D6 /* BarHopper.app */,
				4426728A1B43832000F818D6 /* BarHopperTests.xctest */,
			);
			name = Products;
			sourceTree = "<group>";
		};
		442672741B43832000F818D6 /* BarHopper */ = {
			isa = PBXGroup;
			children = (
				442672771B43832000F818D6 /* AppDelegate.swift */,
				4426727C1B43832000F818D6 /* ViewController.swift */,
				4426727E1B43832000F818D6 /* Main.storyboard */,
				442672811B43832000F818D6 /* Images.xcassets */,
				442672831B43832000F818D6 /* LaunchScreen.xib */,
				442672791B43832000F818D6 /* BarHopper.xcdatamodeld */,
				442672751B43832000F818D6 /* Supporting Files */,
			);
			path = BarHopper;
			sourceTree = "<group>";
		};
		442672751B43832000F818D6 /* Supporting Files */ = {
			isa = PBXGroup;
			children = (
				442672761B43832000F818D6 /* Info.plist */,
			);
			name = "Supporting Files";
			sourceTree = "<group>";
		};
		4426728D1B43832000F818D6 /* BarHopperTests */ = {
			isa = PBXGroup;
			children = (
				442672901B43832000F818D6 /* BarHopperTests.swift */,
				4426728E1B43832000F818D6 /* Supporting Files */,
			);
			path = BarHopperTests;
			sourceTree = "<group>";
		};
		4426728E1B43832000F818D6 /* Supporting Files */ = {
			isa = PBXGroup;
			children = (
				4426728F1B43832000F818D6 /* Info.plist */,
			);
			name = "Supporting Files";
			sourceTree = "<group>";
		};
/* End PBXGroup section */

/* Begin PBXNativeTarget section */
		442672711B43832000F818D6 /* BarHopper */ = {
			isa = PBXNativeTarget;
			buildConfigurationList = 442672941B43832000F818D6 /* Build configuration list for PBXNativeTarget "BarHopper" */;
			buildPhases = (
				4426726E1B43832000F818D6 /* Sources */,
				4426726F1B43832000F818D6 /* Frameworks */,
				442672701B43832000F818D6 /* Resources */,
			);
			buildRules = (
			);
			dependencies = (
			);
			name = BarHopper;
			productName = BarHopper;
			productReference = 442672721B43832000F818D6 /* BarHopper.app */;
			productType = "com.apple.product-type.application";
		};
		442672891B43832000F818D6 /* BarHopperTests */ = {
			isa = PBXNativeTarget;
			buildConfigurationList = 442672971B43832000F818D6 /* Build configuration list for PBXNativeTarget "BarHopperTests" */;
			buildPhases = (
				442672861B43832000F818D6 /* Sources */,
				442672871B43832000F818D6 /* Frameworks */,
				442672881B43832000F818D6 /* Resources */,
			);
			buildRules = (
			);
			dependencies = (
				4426728C1B43832000F818D6 /* PBXTargetDependency */,
			);
			name = BarHopperTests;
			productName = BarHopperTests;
			productReference = 4426728A1B43832000F818D6 /* BarHopperTests.xctest */;
			productType = "com.apple.product-type.bundle.unit-test";
		};
/* End PBXNativeTarget section */

/* Begin PBXProject section */
		4426726A1B43832000F818D6 /* Project object */ = {
			isa = PBXProject;
			attributes = {
				LastUpgradeCheck = 0630;
				ORGANIZATIONNAME = MadKitty;
				TargetAttributes = {
					442672711B43832000F818D6 = {
						CreatedOnToolsVersion = 6.3.2;
					};
					442672891B43832000F818D6 = {
						CreatedOnToolsVersion = 6.3.2;
						TestTargetID = 442672711B43832000F818D6;
					};
				};
			};
			buildConfigurationList = 4426726D1B43832000F818D6 /* Build configuration list for PBXProject "BarHopper" */;
			compatibilityVersion = "Xcode 3.2";
			developmentRegion = English;
			hasScannedForEncodings = 0;
			knownRegions = (
				en,
				Base,
			);
			mainGroup = 442672691B43832000F818D6;
			productRefGroup = 442672731B43832000F818D6 /* Products */;
			projectDirPath = "";
			projectRoot = "";
			targets = (
				442672711B43832000F818D6 /* BarHopper */,
				442672891B43832000F818D6 /* BarHopperTests */,
			);
		};
/* End PBXProject section */

/* Begin PBXResourcesBuildPhase section */
		442672701B43832000F818D6 /* Resources */ = {
			isa = PBXResourcesBuildPhase;
			buildActionMask = 2147483647;
			files = (
				442672801B43832000F818D6 /* Main.storyboard in Resources */,
				442672851B43832000F818D6 /* LaunchScreen.xib in Resources */,
				442672821B43832000F818D6 /* Images.xcassets in Resources */,
			);
			runOnlyForDeploymentPostprocessing = 0;
		};
		442672881B43832000F818D6 /* Resources */ = {
			isa = PBXResourcesBuildPhase;
			buildActionMask = 2147483647;
			files = (
			);
			runOnlyForDeploymentPostprocessing = 0;
		};
/* End PBXResourcesBuildPhase section */

/* Begin PBXSourcesBuildPhase section */
		4426726E1B43832000F818D6 /* Sources */ = {
			isa = PBXSourcesBuildPhase;
			buildActionMask = 2147483647;
			files = (
				4426727D1B43832000F818D6 /* ViewController.swift in Sources */,
				442672781B43832000F818D6 /* AppDelegate.swift in Sources */,
				4426727B1B43832000F818D6 /* BarHopper.xcdatamodeld in Sources */,
			);
			runOnlyForDeploymentPostprocessing = 0;
		};
		442672861B43832000F818D6 /* Sources */ = {
			isa = PBXSourcesBuildPhase;
			buildActionMask = 2147483647;
			files = (
				442672911B43832000F818D6 /* BarHopperTests.swift in Sources */,
			);
			runOnlyForDeploymentPostprocessing = 0;
		};
/* End PBXSourcesBuildPhase section */

/* Begin PBXTargetDependency section */
		4426728C1B43832000F818D6 /* PBXTargetDependency */ = {
			isa = PBXTargetDependency;
			target = 442672711B43832000F818D6 /* BarHopper */;
			targetProxy = 4426728B1B43832000F818D6 /* PBXContainerItemProxy */;
		};
/* End PBXTargetDependency section */

/* Begin PBXVariantGroup section */
		4426727E1B43832000F818D6 /* Main.storyboard */ = {
			isa = PBXVariantGroup;
			children = (
				4426727F1B43832000F818D6 /* Base */,
			);
			name = Main.storyboard;
			sourceTree = "<group>";
		};
		442672831B43832000F818D6 /* LaunchScreen.xib */ = {
			isa = PBXVariantGroup;
			children = (
				442672841B43832000F818D6 /* Base */,
			);
			name = LaunchScreen.xib;
			sourceTree = "<group>";
		};
/* End PBXVariantGroup section */

/* Begin XCBuildConfiguration section */
		442672921B43832000F818D6 /* Debug */ = {
			isa = XCBuildConfiguration;
			buildSettings = {
				ALWAYS_SEARCH_USER_PATHS = NO;
				CLANG_CXX_LANGUAGE_STANDARD = "gnu++0x";
				CLANG_CXX_LIBRARY = "libc++";
				CLANG_ENABLE_MODULES = YES;
				CLANG_ENABLE_OBJC_ARC = YES;
				CLANG_WARN_BOOL_CONVERSION = YES;
				CLANG_WARN_CONSTANT_CONVERSION = YES;
				CLANG_WARN_DIRECT_OBJC_ISA_USAGE = YES_ERROR;
				CLANG_WARN_EMPTY_BODY = YES;
				CLANG_WARN_ENUM_CONVERSION = YES;
				CLANG_WARN_INT_CONVERSION = YES;
				CLANG_WARN_OBJC_ROOT_CLASS = YES_ERROR;
				CLANG_WARN_UNREACHABLE_CODE = YES;
				CLANG_WARN__DUPLICATE_METHOD_MATCH = YES;
				"CODE_SIGN_IDENTITY[sdk=iphoneos*]" = "iPhone Developer";
				COPY_PHASE_STRIP = NO;
				DEBUG_INFORMATION_FORMAT = "dwarf-with-dsym";
				ENABLE_STRICT_OBJC_MSGSEND = YES;
				GCC_C_LANGUAGE_STANDARD = gnu99;
				GCC_DYNAMIC_NO_PIC = NO;
				GCC_NO_COMMON_BLOCKS = YES;
				GCC_OPTIMIZATION_LEVEL = 0;
				GCC_PREPROCESSOR_DEFINITIONS = (
					"DEBUG=1",
					"$(inherited)",
				);
				GCC_SYMBOLS_PRIVATE_EXTERN = NO;
				GCC_WARN_64_TO_32_BIT_CONVERSION = YES;
				GCC_WARN_ABOUT_RETURN_TYPE = YES_ERROR;
				GCC_WARN_UNDECLARED_SELECTOR = YES;
				GCC_WARN_UNINITIALIZED_AUTOS = YES_AGGRESSIVE;
				GCC_WARN_UNUSED_FUNCTION = YES;
				GCC_WARN_UNUSED_VARIABLE = YES;
				IPHONEOS_DEPLOYMENT_TARGET = 8.3;
				MTL_ENABLE_DEBUG_INFO = YES;
				ONLY_ACTIVE_ARCH = YES;
				SDKROOT = iphoneos;
				SWIFT_OPTIMIZATION_LEVEL = "-Onone";
				TARGETED_DEVICE_FAMILY = "1,2";
			};
			name = Debug;
		};
		442672931B43832000F818D6 /* Release */ = {
			isa = XCBuildConfiguration;
			buildSettings = {
				ALWAYS_SEARCH_USER_PATHS = NO;
				CLANG_CXX_LANGUAGE_STANDARD = "gnu++0x";
				CLANG_CXX_LIBRARY = "libc++";
				CLANG_ENABLE_MODULES = YES;
				CLANG_ENABLE_OBJC_ARC = YES;
				CLANG_WARN_BOOL_CONVERSION = YES;
				CLANG_WARN_CONSTANT_CONVERSION = YES;
				CLANG_WARN_DIRECT_OBJC_ISA_USAGE = YES_ERROR;
				CLANG_WARN_EMPTY_BODY = YES;
				CLANG_WARN_ENUM_CONVERSION = YES;
				CLANG_WARN_INT_CONVERSION = YES;
				CLANG_WARN_OBJC_ROOT_CLASS = YES_ERROR;
				CLANG_WARN_UNREACHABLE_CODE = YES;
				CLANG_WARN__DUPLICATE_METHOD_MATCH = YES;
				"CODE_SIGN_IDENTITY[sdk=iphoneos*]" = "iPhone Developer";
				COPY_PHASE_STRIP = NO;
				DEBUG_INFORMATION_FORMAT = "dwarf-with-dsym";
				ENABLE_NS_ASSERTIONS = NO;
				ENABLE_STRICT_OBJC_MSGSEND = YES;
				GCC_C_LANGUAGE_STANDARD = gnu99;
				GCC_NO_COMMON_BLOCKS = YES;
				GCC_WARN_64_TO_32_BIT_CONVERSION = YES;
				GCC_WARN_ABOUT_RETURN_TYPE = YES_ERROR;
				GCC_WARN_UNDECLARED_SELECTOR = YES;
				GCC_WARN_UNINITIALIZED_AUTOS = YES_AGGRESSIVE;
				GCC_WARN_UNUSED_FUNCTION = YES;
				GCC_WARN_UNUSED_VARIABLE = YES;
				IPHONEOS_DEPLOYMENT_TARGET = 8.3;
				MTL_ENABLE_DEBUG_INFO = NO;
				SDKROOT = iphoneos;
				TARGETED_DEVICE_FAMILY = "1,2";
				VALIDATE_PRODUCT = YES;
			};
			name = Release;
		};
		442672951B43832000F818D6 /* Debug */ = {
			isa = XCBuildConfiguration;
			buildSettings = {
				ASSETCATALOG_COMPILER_APPICON_NAME = AppIcon;
				INFOPLIST_FILE = BarHopper/Info.plist;
				LD_RUNPATH_SEARCH_PATHS = "$(inherited) @executable_path/Frameworks";
				PRODUCT_NAME = "$(TARGET_NAME)";
			};
			name = Debug;
		};
		442672961B43832000F818D6 /* Release */ = {
			isa = XCBuildConfiguration;
			buildSettings = {
				ASSETCATALOG_COMPILER_APPICON_NAME = AppIcon;
				INFOPLIST_FILE = BarHopper/Info.plist;
				LD_RUNPATH_SEARCH_PATHS = "$(inherited) @executable_path/Frameworks";
				PRODUCT_NAME = "$(TARGET_NAME)";
			};
			name = Release;
		};
		442672981B43832000F818D6 /* Debug */ = {
			isa = XCBuildConfiguration;
			buildSettings = {
				BUNDLE_LOADER = "$(TEST_HOST)";
				FRAMEWORK_SEARCH_PATHS = (
					"$(SDKROOT)/Developer/Library/Frameworks",
					"$(inherited)",
				);
				GCC_PREPROCESSOR_DEFINITIONS = (
					"DEBUG=1",
					"$(inherited)",
				);
				INFOPLIST_FILE = BarHopperTests/Info.plist;
				LD_RUNPATH_SEARCH_PATHS = "$(inherited) @executable_path/Frameworks @loader_path/Frameworks";
				PRODUCT_NAME = "$(TARGET_NAME)";
				TEST_HOST = "$(BUILT_PRODUCTS_DIR)/BarHopper.app/BarHopper";
			};
			name = Debug;
		};
		442672991B43832000F818D6 /* Release */ = {
			isa = XCBuildConfiguration;
			buildSettings = {
				BUNDLE_LOADER = "$(TEST_HOST)";
				FRAMEWORK_SEARCH_PATHS = (
					"$(SDKROOT)/Developer/Library/Frameworks",
					"$(inherited)",
				);
				INFOPLIST_FILE = BarHopperTests/Info.plist;
				LD_RUNPATH_SEARCH_PATHS = "$(inherited) @executable_path/Frameworks @loader_path/Frameworks";
				PRODUCT_NAME = "$(TARGET_NAME)";
				TEST_HOST = "$(BUILT_PRODUCTS_DIR)/BarHopper.app/BarHopper";
			};
			name = Release;
		};
/* End XCBuildConfiguration section */

/* Begin XCConfigurationList section */
		4426726D1B43832000F818D6 /* Build configuration list for PBXProject "BarHopper" */ = {
			isa = XCConfigurationList;
			buildConfigurations = (
				442672921B43832000F818D6 /* Debug */,
				442672931B43832000F818D6 /* Release */,
			);
			defaultConfigurationIsVisible = 0;
			defaultConfigurationName = Release;
		};
		442672941B43832000F818D6 /* Build configuration list for PBXNativeTarget "BarHopper" */ = {
			isa = XCConfigurationList;
			buildConfigurations = (
				442672951B43832000F818D6 /* Debug */,
				442672961B43832000F818D6 /* Release */,
			);
			defaultConfigurationIsVisible = 0;
		};
		442672971B43832000F818D6 /* Build configuration list for PBXNativeTarget "BarHopperTests" */ = {
			isa = XCConfigurationList;
			buildConfigurations = (
				442672981B43832000F818D6 /* Debug */,
				442672991B43832000F818D6 /* Release */,
			);
			defaultConfigurationIsVisible = 0;
		};
/* End XCConfigurationList section */

/* Begin XCVersionGroup section */
		442672791B43832000F818D6 /* BarHopper.xcdatamodeld */ = {
			isa = XCVersionGroup;
			children = (
				4426727A1B43832000F818D6 /* BarHopper.xcdatamodel */,
			);
			currentVersion = 4426727A1B43832000F818D6 /* BarHopper.xcdatamodel */;
			path = BarHopper.xcdatamodeld;
			sourceTree = "<group>";
			versionGroupType = wrapper.xcdatamodel;
		};
/* End XCVersionGroup section */
	};
	rootObject = 4426726A1B43832000F818D6 /* Project object */;
}
